
Microsoft Visual Studio Solution File, Format Version 12.00
# Visual Studio Version 16
VisualStudioVersion = 16.0.30011.22
MinimumVisualStudioVersion = 10.0.40219.1
Project("{888888A0-9F3D-457C-B088-3A5042F75D52}") = "FIEK-UDP_KLIENTI", "FIEK-UDP_KLIENTI\FIEK-UDP_KLIENTI.pyproj", "{1374BCE4-0F59-45F4-968F-DD803F3C5DC0}"
EndProject
Global
	GlobalSection(SolutionConfigurationPlatforms) = preSolution
		Debug|Any CPU = Debug|Any CPU
		Release|Any CPU = Release|Any CPU
	EndGlobalSection
	GlobalSection(ProjectConfigurationPlatforms) = postSolution
		{1374BCE4-0F59-45F4-968F-DD803F3C5DC0}.Debug|Any CPU.ActiveCfg = Debug|Any CPU
		{1374BCE4-0F59-45F4-968F-DD803F3C5DC0}.Release|Any CPU.ActiveCfg = Release|Any CPU
	EndGlobalSection
	GlobalSection(SolutionProperties) = preSolution
		HideSolutionNode = FALSE
	EndGlobalSection
	GlobalSection(ExtensibilityGlobals) = postSolution
		SolutionGuid = {E2486D1B-B4B1-4121-904E-21C3DAF0D0C9}
	EndGlobalSection
EndGlobal
