
Microsoft Visual Studio Solution File, Format Version 12.00
# Visual Studio Version 16
VisualStudioVersion = 16.0.30011.22
MinimumVisualStudioVersion = 10.0.40219.1
Project("{888888A0-9F3D-457C-B088-3A5042F75D52}") = "FIEK-TCP_KLIENTI", "FIEK-TCP_KLIENTI\FIEK-TCP_KLIENTI.pyproj", "{BE092061-A2C0-4297-8691-C37DB9381AED}"
EndProject
Global
	GlobalSection(SolutionConfigurationPlatforms) = preSolution
		Debug|Any CPU = Debug|Any CPU
		Release|Any CPU = Release|Any CPU
	EndGlobalSection
	GlobalSection(ProjectConfigurationPlatforms) = postSolution
		{BE092061-A2C0-4297-8691-C37DB9381AED}.Debug|Any CPU.ActiveCfg = Debug|Any CPU
		{BE092061-A2C0-4297-8691-C37DB9381AED}.Release|Any CPU.ActiveCfg = Release|Any CPU
	EndGlobalSection
	GlobalSection(SolutionProperties) = preSolution
		HideSolutionNode = FALSE
	EndGlobalSection
	GlobalSection(ExtensibilityGlobals) = postSolution
		SolutionGuid = {28811128-6DAE-48BC-9D09-8CD2EE844499}
	EndGlobalSection
EndGlobal
